
Microsoft Visual Studio Solution File, Format Version 12.00
# Visual Studio Version 17
VisualStudioVersion = 17.0.31903.59
MinimumVisualStudioVersion = 10.0.40219.1
Project("{FAE04EC0-301F-11D3-BF4B-00C04F79EFBC}") = "Assignment0WebAPI", "Assignment0WebAPI\Assignment0WebAPI.csproj", "{1165168A-FA68-47FE-B9D6-895F4E7E71CC}"
EndProject
Global
	GlobalSection(SolutionConfigurationPlatforms) = preSolution
		Debug|Any CPU = Debug|Any CPU
		Release|Any CPU = Release|Any CPU
	EndGlobalSection
	GlobalSection(SolutionProperties) = preSolution
		HideSolutionNode = FALSE
	EndGlobalSection
	GlobalSection(ProjectConfigurationPlatforms) = postSolution
		{1165168A-FA68-47FE-B9D6-895F4E7E71CC}.Debug|Any CPU.ActiveCfg = Debug|Any CPU
		{1165168A-FA68-47FE-B9D6-895F4E7E71CC}.Debug|Any CPU.Build.0 = Debug|Any CPU
		{1165168A-FA68-47FE-B9D6-895F4E7E71CC}.Release|Any CPU.ActiveCfg = Release|Any CPU
		{1165168A-FA68-47FE-B9D6-895F4E7E71CC}.Release|Any CPU.Build.0 = Release|Any CPU
	EndGlobalSection
EndGlobal
